
Microsoft Visual Studio Solution File, Format Version 12.00
# Visual Studio Version 17
VisualStudioVersion = 17.10.35013.160
MinimumVisualStudioVersion = 10.0.40219.1
Project("{FAE04EC0-301F-11D3-BF4B-00C04F79EFBC}") = "EjercicioLambda", "EjercicioLambda.csproj", "{0BE1003A-8026-4961-AAF5-41DAEC16CAE9}"
EndProject
Global
	GlobalSection(SolutionConfigurationPlatforms) = preSolution
		Debug|Any CPU = Debug|Any CPU
		Release|Any CPU = Release|Any CPU
	EndGlobalSection
	GlobalSection(ProjectConfigurationPlatforms) = postSolution
		{0BE1003A-8026-4961-AAF5-41DAEC16CAE9}.Debug|Any CPU.ActiveCfg = Debug|Any CPU
		{0BE1003A-8026-4961-AAF5-41DAEC16CAE9}.Debug|Any CPU.Build.0 = Debug|Any CPU
		{0BE1003A-8026-4961-AAF5-41DAEC16CAE9}.Release|Any CPU.ActiveCfg = Release|Any CPU
		{0BE1003A-8026-4961-AAF5-41DAEC16CAE9}.Release|Any CPU.Build.0 = Release|Any CPU
	EndGlobalSection
	GlobalSection(SolutionProperties) = preSolution
		HideSolutionNode = FALSE
	EndGlobalSection
	GlobalSection(ExtensibilityGlobals) = postSolution
		SolutionGuid = {3FC02D6A-FF44-4108-8BEE-8B01135F381F}
	EndGlobalSection
EndGlobal
